
Microsoft Visual Studio Solution File, Format Version 12.00
# Visual Studio Version 17
VisualStudioVersion = 17.12.35527.113 d17.12
MinimumVisualStudioVersion = 10.0.40219.1
Project("{FAE04EC0-301F-11D3-BF4B-00C04F79EFBC}") = "Northwind.Entities", "Northwind.Entities\Northwind.Entities.csproj", "{EBF988A2-C859-49BB-AE58-635F964DADC4}"
EndProject
Project("{FAE04EC0-301F-11D3-BF4B-00C04F79EFBC}") = "Northwind.DataAccess", "Northwind.DataAccess\Northwind.DataAccess.csproj", "{C71FEFE7-683B-4068-99F5-00305EFFF1F1}"
EndProject
Project("{FAE04EC0-301F-11D3-BF4B-00C04F79EFBC}") = "Northwind.Business", "Northwind.Business\Northwind.Business.csproj", "{BBBD9DA2-9D8F-413D-A747-5B2657A9C774}"
EndProject
Project("{FAE04EC0-301F-11D3-BF4B-00C04F79EFBC}") = "Northwind.WebFormsUI", "Northwind.WebFormsUI\Northwind.WebFormsUI.csproj", "{693B8ED4-DC31-4491-8D1B-C1DF0AA014E3}"
EndProject
Global
	GlobalSection(SolutionConfigurationPlatforms) = preSolution
		Debug|Any CPU = Debug|Any CPU
		Release|Any CPU = Release|Any CPU
	EndGlobalSection
	GlobalSection(ProjectConfigurationPlatforms) = postSolution
		{EBF988A2-C859-49BB-AE58-635F964DADC4}.Debug|Any CPU.ActiveCfg = Debug|Any CPU
		{EBF988A2-C859-49BB-AE58-635F964DADC4}.Debug|Any CPU.Build.0 = Debug|Any CPU
		{EBF988A2-C859-49BB-AE58-635F964DADC4}.Release|Any CPU.ActiveCfg = Release|Any CPU
		{EBF988A2-C859-49BB-AE58-635F964DADC4}.Release|Any CPU.Build.0 = Release|Any CPU
		{C71FEFE7-683B-4068-99F5-00305EFFF1F1}.Debug|Any CPU.ActiveCfg = Debug|Any CPU
		{C71FEFE7-683B-4068-99F5-00305EFFF1F1}.Debug|Any CPU.Build.0 = Debug|Any CPU
		{C71FEFE7-683B-4068-99F5-00305EFFF1F1}.Release|Any CPU.ActiveCfg = Release|Any CPU
		{C71FEFE7-683B-4068-99F5-00305EFFF1F1}.Release|Any CPU.Build.0 = Release|Any CPU
		{BBBD9DA2-9D8F-413D-A747-5B2657A9C774}.Debug|Any CPU.ActiveCfg = Debug|Any CPU
		{BBBD9DA2-9D8F-413D-A747-5B2657A9C774}.Debug|Any CPU.Build.0 = Debug|Any CPU
		{BBBD9DA2-9D8F-413D-A747-5B2657A9C774}.Release|Any CPU.ActiveCfg = Release|Any CPU
		{BBBD9DA2-9D8F-413D-A747-5B2657A9C774}.Release|Any CPU.Build.0 = Release|Any CPU
		{693B8ED4-DC31-4491-8D1B-C1DF0AA014E3}.Debug|Any CPU.ActiveCfg = Debug|Any CPU
		{693B8ED4-DC31-4491-8D1B-C1DF0AA014E3}.Debug|Any CPU.Build.0 = Debug|Any CPU
		{693B8ED4-DC31-4491-8D1B-C1DF0AA014E3}.Release|Any CPU.ActiveCfg = Release|Any CPU
		{693B8ED4-DC31-4491-8D1B-C1DF0AA014E3}.Release|Any CPU.Build.0 = Release|Any CPU
	EndGlobalSection
	GlobalSection(SolutionProperties) = preSolution
		HideSolutionNode = FALSE
	EndGlobalSection
EndGlobal
